
Microsoft Visual Studio Solution File, Format Version 12.00
# Visual Studio 2012
Project("{FAE04EC0-301F-11D3-BF4B-00C04F79EFBC}") = "PolynomialTask1", "PolynomialTask1\PolynomialTask1.csproj", "{B61542CB-E486-4F18-8884-A13154BBDA62}"
EndProject
Project("{FAE04EC0-301F-11D3-BF4B-00C04F79EFBC}") = "PolynomialTask1.Tests", "PolynomialTask1.Tests\PolynomialTask1.Tests.csproj", "{FABB278A-F867-4138-9111-5F8FE355F1A1}"
EndProject
Project("{2150E333-8FDC-42A3-9474-1A3956D46DE8}") = "Отличие ссылочного типа от значимого", "Отличие ссылочного типа от значимого", "{F940BA43-6AC2-4BCF-9E8A-E69356F184FA}"
	ProjectSection(SolutionItems) = preProject
		Отличие ссылочных и значимых типов.xlsx = Отличие ссылочных и значимых типов.xlsx
	EndProjectSection
EndProject
Global
	GlobalSection(SolutionConfigurationPlatforms) = preSolution
		Debug|Any CPU = Debug|Any CPU
		Release|Any CPU = Release|Any CPU
	EndGlobalSection
	GlobalSection(ProjectConfigurationPlatforms) = postSolution
		{B61542CB-E486-4F18-8884-A13154BBDA62}.Debug|Any CPU.ActiveCfg = Debug|Any CPU
		{B61542CB-E486-4F18-8884-A13154BBDA62}.Debug|Any CPU.Build.0 = Debug|Any CPU
		{B61542CB-E486-4F18-8884-A13154BBDA62}.Release|Any CPU.ActiveCfg = Release|Any CPU
		{B61542CB-E486-4F18-8884-A13154BBDA62}.Release|Any CPU.Build.0 = Release|Any CPU
		{FABB278A-F867-4138-9111-5F8FE355F1A1}.Debug|Any CPU.ActiveCfg = Debug|Any CPU
		{FABB278A-F867-4138-9111-5F8FE355F1A1}.Debug|Any CPU.Build.0 = Debug|Any CPU
		{FABB278A-F867-4138-9111-5F8FE355F1A1}.Release|Any CPU.ActiveCfg = Release|Any CPU
		{FABB278A-F867-4138-9111-5F8FE355F1A1}.Release|Any CPU.Build.0 = Release|Any CPU
	EndGlobalSection
	GlobalSection(SolutionProperties) = preSolution
		HideSolutionNode = FALSE
	EndGlobalSection
EndGlobal
